
Microsoft Visual Studio Solution File, Format Version 12.00
# Visual Studio Version 16
VisualStudioVersion = 16.0.33423.256
MinimumVisualStudioVersion = 10.0.40219.1
Project("{FAE04EC0-301F-11D3-BF4B-00C04F79EFBC}") = "SporcuWeb", "SporcuWeb\SporcuWeb.csproj", "{4FBCDFD7-E5EB-4599-8FF9-58C30D21AEAA}"
EndProject
Global
	GlobalSection(SolutionConfigurationPlatforms) = preSolution
		Debug|Any CPU = Debug|Any CPU
		Release|Any CPU = Release|Any CPU
	EndGlobalSection
	GlobalSection(ProjectConfigurationPlatforms) = postSolution
		{4FBCDFD7-E5EB-4599-8FF9-58C30D21AEAA}.Debug|Any CPU.ActiveCfg = Debug|Any CPU
		{4FBCDFD7-E5EB-4599-8FF9-58C30D21AEAA}.Debug|Any CPU.Build.0 = Debug|Any CPU
		{4FBCDFD7-E5EB-4599-8FF9-58C30D21AEAA}.Release|Any CPU.ActiveCfg = Release|Any CPU
		{4FBCDFD7-E5EB-4599-8FF9-58C30D21AEAA}.Release|Any CPU.Build.0 = Release|Any CPU
	EndGlobalSection
	GlobalSection(SolutionProperties) = preSolution
		HideSolutionNode = FALSE
	EndGlobalSection
	GlobalSection(ExtensibilityGlobals) = postSolution
		SolutionGuid = {82ED6E49-C1E8-4D5B-8FC3-01517D41506E}
	EndGlobalSection
EndGlobal
